// !$*UTF8*$!
{
	archiveVersion = 1;
	classes = {
	};
	objectVersion = 56;
	objects = {

/* Begin PBXBuildFile section */
		E743E53D2B90A4C70087EF8E /* AirbnbCloneApp.swift in Sources */ = {isa = PBXBuildFile; fileRef = E743E53C2B90A4C70087EF8E /* AirbnbCloneApp.swift */; };
		E743E53F2B90A4C70087EF8E /* ContentView.swift in Sources */ = {isa = PBXBuildFile; fileRef = E743E53E2B90A4C70087EF8E /* ContentView.swift */; };
		E743E5412B90A4C80087EF8E /* Assets.xcassets in Resources */ = {isa = PBXBuildFile; fileRef = E743E5402B90A4C80087EF8E /* Assets.xcassets */; };
		E743E5442B90A4C80087EF8E /* Preview Assets.xcassets in Resources */ = {isa = PBXBuildFile; fileRef = E743E5432B90A4C80087EF8E /* Preview Assets.xcassets */; };
		E743E5572B90A66B0087EF8E /* ExploreView.swift in Sources */ = {isa = PBXBuildFile; fileRef = E743E5562B90A66B0087EF8E /* ExploreView.swift */; };
		E743E5592B90A7A20087EF8E /* ListingItemView.swift in Sources */ = {isa = PBXBuildFile; fileRef = E743E5582B90A7A20087EF8E /* ListingItemView.swift */; };
		E743E55B2B90AD100087EF8E /* SearchAndFilterBar.swift in Sources */ = {isa = PBXBuildFile; fileRef = E743E55A2B90AD100087EF8E /* SearchAndFilterBar.swift */; };
		E743E55D2B90B1640087EF8E /* ListingDetailView.swift in Sources */ = {isa = PBXBuildFile; fileRef = E743E55C2B90B1640087EF8E /* ListingDetailView.swift */; };
		E743E5602B90B1E90087EF8E /* ListingImageCarousel.swift in Sources */ = {isa = PBXBuildFile; fileRef = E743E55F2B90B1E80087EF8E /* ListingImageCarousel.swift */; };
		E7917CFE2B94BCA70082F7F9 /* Listing.swift in Sources */ = {isa = PBXBuildFile; fileRef = E7917CFD2B94BCA70082F7F9 /* Listing.swift */; };
		E7917D002B94C16B0082F7F9 /* DeveloperPreview.swift in Sources */ = {isa = PBXBuildFile; fileRef = E7917CFF2B94C16B0082F7F9 /* DeveloperPreview.swift */; };
		E7917D052B94C2E90082F7F9 /* ExploreViewModel.swift in Sources */ = {isa = PBXBuildFile; fileRef = E7917D042B94C2E90082F7F9 /* ExploreViewModel.swift */; };
		E7917D072B94C3540082F7F9 /* ExploreService.swift in Sources */ = {isa = PBXBuildFile; fileRef = E7917D062B94C3540082F7F9 /* ExploreService.swift */; };
		E7917D0B2B94DD300082F7F9 /* BackButtonModifier.swift in Sources */ = {isa = PBXBuildFile; fileRef = E7917D0A2B94DD300082F7F9 /* BackButtonModifier.swift */; };
		E7EC42972B91F5710005CFFA /* DestinationSearchView.swift in Sources */ = {isa = PBXBuildFile; fileRef = E7EC42962B91F5710005CFFA /* DestinationSearchView.swift */; };
		E7EC42992B920A730005CFFA /* ProfileView.swift in Sources */ = {isa = PBXBuildFile; fileRef = E7EC42982B920A730005CFFA /* ProfileView.swift */; };
		E7EC429B2B920DEA0005CFFA /* ProfileOptionRowView.swift in Sources */ = {isa = PBXBuildFile; fileRef = E7EC429A2B920DEA0005CFFA /* ProfileOptionRowView.swift */; };
		E7EC429D2B9210FD0005CFFA /* WhislistView.swift in Sources */ = {isa = PBXBuildFile; fileRef = E7EC429C2B9210FD0005CFFA /* WhislistView.swift */; };
		E7EC429F2B9213D30005CFFA /* MainTabView.swift in Sources */ = {isa = PBXBuildFile; fileRef = E7EC429E2B9213D30005CFFA /* MainTabView.swift */; };
/* End PBXBuildFile section */

/* Begin PBXFileReference section */
		E743E5392B90A4C70087EF8E /* AirbnbClone.app */ = {isa = PBXFileReference; explicitFileType = wrapper.application; includeInIndex = 0; path = AirbnbClone.app; sourceTree = BUILT_PRODUCTS_DIR; };
		E743E53C2B90A4C70087EF8E /* AirbnbCloneApp.swift */ = {isa = PBXFileReference; lastKnownFileType = sourcecode.swift; path = AirbnbCloneApp.swift; sourceTree = "<group>"; };
		E743E53E2B90A4C70087EF8E /* ContentView.swift */ = {isa = PBXFileReference; lastKnownFileType = sourcecode.swift; path = ContentView.swift; sourceTree = "<group>"; };
		E743E5402B90A4C80087EF8E /* Assets.xcassets */ = {isa = PBXFileReference; lastKnownFileType = folder.assetcatalog; path = Assets.xcassets; sourceTree = "<group>"; };
		E743E5432B90A4C80087EF8E /* Preview Assets.xcassets */ = {isa = PBXFileReference; lastKnownFileType = folder.assetcatalog; path = "Preview Assets.xcassets"; sourceTree = "<group>"; };
		E743E5562B90A66B0087EF8E /* ExploreView.swift */ = {isa = PBXFileReference; lastKnownFileType = sourcecode.swift; path = ExploreView.swift; sourceTree = "<group>"; };
		E743E5582B90A7A20087EF8E /* ListingItemView.swift */ = {isa = PBXFileReference; lastKnownFileType = sourcecode.swift; path = ListingItemView.swift; sourceTree = "<group>"; };
		E743E55A2B90AD100087EF8E /* SearchAndFilterBar.swift */ = {isa = PBXFileReference; lastKnownFileType = sourcecode.swift; path = SearchAndFilterBar.swift; sourceTree = "<group>"; };
		E743E55C2B90B1640087EF8E /* ListingDetailView.swift */ = {isa = PBXFileReference; lastKnownFileType = sourcecode.swift; path = ListingDetailView.swift; sourceTree = "<group>"; };
		E743E55F2B90B1E80087EF8E /* ListingImageCarousel.swift */ = {isa = PBXFileReference; lastKnownFileType = sourcecode.swift; path = ListingImageCarousel.swift; sourceTree = "<group>"; };
		E7917CFD2B94BCA70082F7F9 /* Listing.swift */ = {isa = PBXFileReference; lastKnownFileType = sourcecode.swift; path = Listing.swift; sourceTree = "<group>"; };
		E7917CFF2B94C16B0082F7F9 /* DeveloperPreview.swift */ = {isa = PBXFileReference; lastKnownFileType = sourcecode.swift; path = DeveloperPreview.swift; sourceTree = "<group>"; };
		E7917D042B94C2E90082F7F9 /* ExploreViewModel.swift */ = {isa = PBXFileReference; lastKnownFileType = sourcecode.swift; path = ExploreViewModel.swift; sourceTree = "<group>"; };
		E7917D062B94C3540082F7F9 /* ExploreService.swift */ = {isa = PBXFileReference; lastKnownFileType = sourcecode.swift; path = ExploreService.swift; sourceTree = "<group>"; };
		E7917D0A2B94DD300082F7F9 /* BackButtonModifier.swift */ = {isa = PBXFileReference; lastKnownFileType = sourcecode.swift; path = BackButtonModifier.swift; sourceTree = "<group>"; };
		E7EC42962B91F5710005CFFA /* DestinationSearchView.swift */ = {isa = PBXFileReference; lastKnownFileType = sourcecode.swift; path = DestinationSearchView.swift; sourceTree = "<group>"; };
		E7EC42982B920A730005CFFA /* ProfileView.swift */ = {isa = PBXFileReference; lastKnownFileType = sourcecode.swift; path = ProfileView.swift; sourceTree = "<group>"; };
		E7EC429A2B920DEA0005CFFA /* ProfileOptionRowView.swift */ = {isa = PBXFileReference; lastKnownFileType = sourcecode.swift; path = ProfileOptionRowView.swift; sourceTree = "<group>"; };
		E7EC429C2B9210FD0005CFFA /* WhislistView.swift */ = {isa = PBXFileReference; lastKnownFileType = sourcecode.swift; path = WhislistView.swift; sourceTree = "<group>"; };
		E7EC429E2B9213D30005CFFA /* MainTabView.swift */ = {isa = PBXFileReference; lastKnownFileType = sourcecode.swift; path = MainTabView.swift; sourceTree = "<group>"; };
/* End PBXFileReference section */

/* Begin PBXFrameworksBuildPhase section */
		E743E5362B90A4C70087EF8E /* Frameworks */ = {
			isa = PBXFrameworksBuildPhase;
			buildActionMask = 2147483647;
			files = (
			);
			runOnlyForDeploymentPostprocessing = 0;
		};
/* End PBXFrameworksBuildPhase section */

/* Begin PBXGroup section */
		E743E5302B90A4C70087EF8E = {
			isa = PBXGroup;
			children = (
				E743E53B2B90A4C70087EF8E /* AirbnbClone */,
				E743E53A2B90A4C70087EF8E /* Products */,
			);
			sourceTree = "<group>";
		};
		E743E53A2B90A4C70087EF8E /* Products */ = {
			isa = PBXGroup;
			children = (
				E743E5392B90A4C70087EF8E /* AirbnbClone.app */,
			);
			name = Products;
			sourceTree = "<group>";
		};
		E743E53B2B90A4C70087EF8E /* AirbnbClone */ = {
			isa = PBXGroup;
			children = (
				E743E54A2B90A4DC0087EF8E /* App */,
				E743E54B2B90A4F50087EF8E /* Core */,
				E743E54C2B90A4F90087EF8E /* Extensions */,
				E743E54D2B90A4FD0087EF8E /* Models */,
				E743E54E2B90A5300087EF8E /* Utils */,
				E743E53E2B90A4C70087EF8E /* ContentView.swift */,
				E743E5402B90A4C80087EF8E /* Assets.xcassets */,
				E743E5422B90A4C80087EF8E /* Preview Content */,
			);
			path = AirbnbClone;
			sourceTree = "<group>";
		};
		E743E5422B90A4C80087EF8E /* Preview Content */ = {
			isa = PBXGroup;
			children = (
				E743E5432B90A4C80087EF8E /* Preview Assets.xcassets */,
			);
			path = "Preview Content";
			sourceTree = "<group>";
		};
		E743E54A2B90A4DC0087EF8E /* App */ = {
			isa = PBXGroup;
			children = (
				E743E53C2B90A4C70087EF8E /* AirbnbCloneApp.swift */,
			);
			path = App;
			sourceTree = "<group>";
		};
		E743E54B2B90A4F50087EF8E /* Core */ = {
			isa = PBXGroup;
			children = (
				E743E55E2B90B1C10087EF8E /* Components */,
				E743E54F2B90A56C0087EF8E /* Explore */,
				E743E5502B90A5840087EF8E /* Listings */,
				E743E5512B90A5900087EF8E /* MapView */,
				E743E5522B90A59B0087EF8E /* Profile */,
				E743E5532B90A5A70087EF8E /* Root */,
				E743E5542B90A5B20087EF8E /* Tabbar */,
				E743E5552B90A5BF0087EF8E /* Wishlists */,
			);
			path = Core;
			sourceTree = "<group>";
		};
		E743E54C2B90A4F90087EF8E /* Extensions */ = {
			isa = PBXGroup;
			children = (
				E7917CFF2B94C16B0082F7F9 /* DeveloperPreview.swift */,
			);
			path = Extensions;
			sourceTree = "<group>";
		};
		E743E54D2B90A4FD0087EF8E /* Models */ = {
			isa = PBXGroup;
			children = (
			);
			path = Models;
			sourceTree = "<group>";
		};
		E743E54E2B90A5300087EF8E /* Utils */ = {
			isa = PBXGroup;
			children = (
			);
			path = Utils;
			sourceTree = "<group>";
		};
		E743E54F2B90A56C0087EF8E /* Explore */ = {
			isa = PBXGroup;
			children = (
				E7917D012B94C2AE0082F7F9 /* Service */,
				E7917D022B94C2B60082F7F9 /* View */,
				E7917D032B94C2C00082F7F9 /* ViewModel */,
			);
			path = Explore;
			sourceTree = "<group>";
		};
		E743E5502B90A5840087EF8E /* Listings */ = {
			isa = PBXGroup;
			children = (
				E7917CFC2B94BC8F0082F7F9 /* Model */,
				E7917CFB2B94BC7F0082F7F9 /* View */,
			);
			path = Listings;
			sourceTree = "<group>";
		};
		E743E5512B90A5900087EF8E /* MapView */ = {
			isa = PBXGroup;
			children = (
			);
			path = MapView;
			sourceTree = "<group>";
		};
		E743E5522B90A59B0087EF8E /* Profile */ = {
			isa = PBXGroup;
			children = (
				E7EC42982B920A730005CFFA /* ProfileView.swift */,
				E7EC429A2B920DEA0005CFFA /* ProfileOptionRowView.swift */,
			);
			path = Profile;
			sourceTree = "<group>";
		};
		E743E5532B90A5A70087EF8E /* Root */ = {
			isa = PBXGroup;
			children = (
			);
			path = Root;
			sourceTree = "<group>";
		};
		E743E5542B90A5B20087EF8E /* Tabbar */ = {
			isa = PBXGroup;
			children = (
				E7EC429E2B9213D30005CFFA /* MainTabView.swift */,
			);
			path = Tabbar;
			sourceTree = "<group>";
		};
		E743E5552B90A5BF0087EF8E /* Wishlists */ = {
			isa = PBXGroup;
			children = (
				E7EC429C2B9210FD0005CFFA /* WhislistView.swift */,
			);
			path = Wishlists;
			sourceTree = "<group>";
		};
		E743E55E2B90B1C10087EF8E /* Components */ = {
			isa = PBXGroup;
			children = (
				E743E55F2B90B1E80087EF8E /* ListingImageCarousel.swift */,
				E7917D0A2B94DD300082F7F9 /* BackButtonModifier.swift */,
			);
			path = Components;
			sourceTree = "<group>";
		};
		E7917CFB2B94BC7F0082F7F9 /* View */ = {
			isa = PBXGroup;
			children = (
				E743E5582B90A7A20087EF8E /* ListingItemView.swift */,
				E743E55C2B90B1640087EF8E /* ListingDetailView.swift */,
			);
			path = View;
			sourceTree = "<group>";
		};
		E7917CFC2B94BC8F0082F7F9 /* Model */ = {
			isa = PBXGroup;
			children = (
				E7917CFD2B94BCA70082F7F9 /* Listing.swift */,
			);
			path = Model;
			sourceTree = "<group>";
		};
		E7917D012B94C2AE0082F7F9 /* Service */ = {
			isa = PBXGroup;
			children = (
				E7917D062B94C3540082F7F9 /* ExploreService.swift */,
			);
			path = Service;
			sourceTree = "<group>";
		};
		E7917D022B94C2B60082F7F9 /* View */ = {
			isa = PBXGroup;
			children = (
				E743E5562B90A66B0087EF8E /* ExploreView.swift */,
				E743E55A2B90AD100087EF8E /* SearchAndFilterBar.swift */,
				E7EC42962B91F5710005CFFA /* DestinationSearchView.swift */,
			);
			path = View;
			sourceTree = "<group>";
		};
		E7917D032B94C2C00082F7F9 /* ViewModel */ = {
			isa = PBXGroup;
			children = (
				E7917D042B94C2E90082F7F9 /* ExploreViewModel.swift */,
			);
			path = ViewModel;
			sourceTree = "<group>";
		};
/* End PBXGroup section */

/* Begin PBXNativeTarget section */
		E743E5382B90A4C70087EF8E /* AirbnbClone */ = {
			isa = PBXNativeTarget;
			buildConfigurationList = E743E5472B90A4C80087EF8E /* Build configuration list for PBXNativeTarget "AirbnbClone" */;
			buildPhases = (
				E743E5352B90A4C70087EF8E /* Sources */,
				E743E5362B90A4C70087EF8E /* Frameworks */,
				E743E5372B90A4C70087EF8E /* Resources */,
			);
			buildRules = (
			);
			dependencies = (
			);
			name = AirbnbClone;
			productName = AirbnbClone;
			productReference = E743E5392B90A4C70087EF8E /* AirbnbClone.app */;
			productType = "com.apple.product-type.application";
		};
/* End PBXNativeTarget section */

/* Begin PBXProject section */
		E743E5312B90A4C70087EF8E /* Project object */ = {
			isa = PBXProject;
			attributes = {
				BuildIndependentTargetsInParallel = 1;
				LastSwiftUpdateCheck = 1510;
				LastUpgradeCheck = 1510;
				TargetAttributes = {
					E743E5382B90A4C70087EF8E = {
						CreatedOnToolsVersion = 15.1;
					};
				};
			};
			buildConfigurationList = E743E5342B90A4C70087EF8E /* Build configuration list for PBXProject "AirbnbClone" */;
			compatibilityVersion = "Xcode 14.0";
			developmentRegion = en;
			hasScannedForEncodings = 0;
			knownRegions = (
				en,
				Base,
			);
			mainGroup = E743E5302B90A4C70087EF8E;
			productRefGroup = E743E53A2B90A4C70087EF8E /* Products */;
			projectDirPath = "";
			projectRoot = "";
			targets = (
				E743E5382B90A4C70087EF8E /* AirbnbClone */,
			);
		};
/* End PBXProject section */

/* Begin PBXResourcesBuildPhase section */
		E743E5372B90A4C70087EF8E /* Resources */ = {
			isa = PBXResourcesBuildPhase;
			buildActionMask = 2147483647;
			files = (
				E743E5442B90A4C80087EF8E /* Preview Assets.xcassets in Resources */,
				E743E5412B90A4C80087EF8E /* Assets.xcassets in Resources */,
			);
			runOnlyForDeploymentPostprocessing = 0;
		};
/* End PBXResourcesBuildPhase section */

/* Begin PBXSourcesBuildPhase section */
		E743E5352B90A4C70087EF8E /* Sources */ = {
			isa = PBXSourcesBuildPhase;
			buildActionMask = 2147483647;
			files = (
				E743E53F2B90A4C70087EF8E /* ContentView.swift in Sources */,
				E7EC42992B920A730005CFFA /* ProfileView.swift in Sources */,
				E7EC429D2B9210FD0005CFFA /* WhislistView.swift in Sources */,
				E7EC429B2B920DEA0005CFFA /* ProfileOptionRowView.swift in Sources */,
				E7EC42972B91F5710005CFFA /* DestinationSearchView.swift in Sources */,
				E743E5592B90A7A20087EF8E /* ListingItemView.swift in Sources */,
				E7917D052B94C2E90082F7F9 /* ExploreViewModel.swift in Sources */,
				E743E5572B90A66B0087EF8E /* ExploreView.swift in Sources */,
				E7917CFE2B94BCA70082F7F9 /* Listing.swift in Sources */,
				E7917D0B2B94DD300082F7F9 /* BackButtonModifier.swift in Sources */,
				E743E55B2B90AD100087EF8E /* SearchAndFilterBar.swift in Sources */,
				E743E55D2B90B1640087EF8E /* ListingDetailView.swift in Sources */,
				E743E5602B90B1E90087EF8E /* ListingImageCarousel.swift in Sources */,
				E743E53D2B90A4C70087EF8E /* AirbnbCloneApp.swift in Sources */,
				E7EC429F2B9213D30005CFFA /* MainTabView.swift in Sources */,
				E7917D002B94C16B0082F7F9 /* DeveloperPreview.swift in Sources */,
				E7917D072B94C3540082F7F9 /* ExploreService.swift in Sources */,
			);
			runOnlyForDeploymentPostprocessing = 0;
		};
/* End PBXSourcesBuildPhase section */

/* Begin XCBuildConfiguration section */
		E743E5452B90A4C80087EF8E /* Debug */ = {
			isa = XCBuildConfiguration;
			buildSettings = {
				ALWAYS_SEARCH_USER_PATHS = NO;
				ASSETCATALOG_COMPILER_GENERATE_SWIFT_ASSET_SYMBOL_EXTENSIONS = YES;
				CLANG_ANALYZER_NONNULL = YES;
				CLANG_ANALYZER_NUMBER_OBJECT_CONVERSION = YES_AGGRESSIVE;
				CLANG_CXX_LANGUAGE_STANDARD = "gnu++20";
				CLANG_ENABLE_MODULES = YES;
				CLANG_ENABLE_OBJC_ARC = YES;
				CLANG_ENABLE_OBJC_WEAK = YES;
				CLANG_WARN_BLOCK_CAPTURE_AUTORELEASING = YES;
				CLANG_WARN_BOOL_CONVERSION = YES;
				CLANG_WARN_COMMA = YES;
				CLANG_WARN_CONSTANT_CONVERSION = YES;
				CLANG_WARN_DEPRECATED_OBJC_IMPLEMENTATIONS = YES;
				CLANG_WARN_DIRECT_OBJC_ISA_USAGE = YES_ERROR;
				CLANG_WARN_DOCUMENTATION_COMMENTS = YES;
				CLANG_WARN_EMPTY_BODY = YES;
				CLANG_WARN_ENUM_CONVERSION = YES;
				CLANG_WARN_INFINITE_RECURSION = YES;
				CLANG_WARN_INT_CONVERSION = YES;
				CLANG_WARN_NON_LITERAL_NULL_CONVERSION = YES;
				CLANG_WARN_OBJC_IMPLICIT_RETAIN_SELF = YES;
				CLANG_WARN_OBJC_LITERAL_CONVERSION = YES;
				CLANG_WARN_OBJC_ROOT_CLASS = YES_ERROR;
				CLANG_WARN_QUOTED_INCLUDE_IN_FRAMEWORK_HEADER = YES;
				CLANG_WARN_RANGE_LOOP_ANALYSIS = YES;
				CLANG_WARN_STRICT_PROTOTYPES = YES;
				CLANG_WARN_SUSPICIOUS_MOVE = YES;
				CLANG_WARN_UNGUARDED_AVAILABILITY = YES_AGGRESSIVE;
				CLANG_WARN_UNREACHABLE_CODE = YES;
				CLANG_WARN__DUPLICATE_METHOD_MATCH = YES;
				COPY_PHASE_STRIP = NO;
				DEBUG_INFORMATION_FORMAT = dwarf;
				ENABLE_STRICT_OBJC_MSGSEND = YES;
				ENABLE_TESTABILITY = YES;
				ENABLE_USER_SCRIPT_SANDBOXING = YES;
				GCC_C_LANGUAGE_STANDARD = gnu17;
				GCC_DYNAMIC_NO_PIC = NO;
				GCC_NO_COMMON_BLOCKS = YES;
				GCC_OPTIMIZATION_LEVEL = 0;
				GCC_PREPROCESSOR_DEFINITIONS = (
					"DEBUG=1",
					"$(inherited)",
				);
				GCC_WARN_64_TO_32_BIT_CONVERSION = YES;
				GCC_WARN_ABOUT_RETURN_TYPE = YES_ERROR;
				GCC_WARN_UNDECLARED_SELECTOR = YES;
				GCC_WARN_UNINITIALIZED_AUTOS = YES_AGGRESSIVE;
				GCC_WARN_UNUSED_FUNCTION = YES;
				GCC_WARN_UNUSED_VARIABLE = YES;
				IPHONEOS_DEPLOYMENT_TARGET = 17.2;
				LOCALIZATION_PREFERS_STRING_CATALOGS = YES;
				MTL_ENABLE_DEBUG_INFO = INCLUDE_SOURCE;
				MTL_FAST_MATH = YES;
				ONLY_ACTIVE_ARCH = YES;
				SDKROOT = iphoneos;
				SWIFT_ACTIVE_COMPILATION_CONDITIONS = "DEBUG $(inherited)";
				SWIFT_OPTIMIZATION_LEVEL = "-Onone";
			};
			name = Debug;
		};
		E743E5462B90A4C80087EF8E /* Release */ = {
			isa = XCBuildConfiguration;
			buildSettings = {
				ALWAYS_SEARCH_USER_PATHS = NO;
				ASSETCATALOG_COMPILER_GENERATE_SWIFT_ASSET_SYMBOL_EXTENSIONS = YES;
				CLANG_ANALYZER_NONNULL = YES;
				CLANG_ANALYZER_NUMBER_OBJECT_CONVERSION = YES_AGGRESSIVE;
				CLANG_CXX_LANGUAGE_STANDARD = "gnu++20";
				CLANG_ENABLE_MODULES = YES;
				CLANG_ENABLE_OBJC_ARC = YES;
				CLANG_ENABLE_OBJC_WEAK = YES;
				CLANG_WARN_BLOCK_CAPTURE_AUTORELEASING = YES;
				CLANG_WARN_BOOL_CONVERSION = YES;
				CLANG_WARN_COMMA = YES;
				CLANG_WARN_CONSTANT_CONVERSION = YES;
				CLANG_WARN_DEPRECATED_OBJC_IMPLEMENTATIONS = YES;
				CLANG_WARN_DIRECT_OBJC_ISA_USAGE = YES_ERROR;
				CLANG_WARN_DOCUMENTATION_COMMENTS = YES;
				CLANG_WARN_EMPTY_BODY = YES;
				CLANG_WARN_ENUM_CONVERSION = YES;
				CLANG_WARN_INFINITE_RECURSION = YES;
				CLANG_WARN_INT_CONVERSION = YES;
				CLANG_WARN_NON_LITERAL_NULL_CONVERSION = YES;
				CLANG_WARN_OBJC_IMPLICIT_RETAIN_SELF = YES;
				CLANG_WARN_OBJC_LITERAL_CONVERSION = YES;
				CLANG_WARN_OBJC_ROOT_CLASS = YES_ERROR;
				CLANG_WARN_QUOTED_INCLUDE_IN_FRAMEWORK_HEADER = YES;
				CLANG_WARN_RANGE_LOOP_ANALYSIS = YES;
				CLANG_WARN_STRICT_PROTOTYPES = YES;
				CLANG_WARN_SUSPICIOUS_MOVE = YES;
				CLANG_WARN_UNGUARDED_AVAILABILITY = YES_AGGRESSIVE;
				CLANG_WARN_UNREACHABLE_CODE = YES;
				CLANG_WARN__DUPLICATE_METHOD_MATCH = YES;
				COPY_PHASE_STRIP = NO;
				DEBUG_INFORMATION_FORMAT = "dwarf-with-dsym";
				ENABLE_NS_ASSERTIONS = NO;
				ENABLE_STRICT_OBJC_MSGSEND = YES;
				ENABLE_USER_SCRIPT_SANDBOXING = YES;
				GCC_C_LANGUAGE_STANDARD = gnu17;
				GCC_NO_COMMON_BLOCKS = YES;
				GCC_WARN_64_TO_32_BIT_CONVERSION = YES;
				GCC_WARN_ABOUT_RETURN_TYPE = YES_ERROR;
				GCC_WARN_UNDECLARED_SELECTOR = YES;
				GCC_WARN_UNINITIALIZED_AUTOS = YES_AGGRESSIVE;
				GCC_WARN_UNUSED_FUNCTION = YES;
				GCC_WARN_UNUSED_VARIABLE = YES;
				IPHONEOS_DEPLOYMENT_TARGET = 17.2;
				LOCALIZATION_PREFERS_STRING_CATALOGS = YES;
				MTL_ENABLE_DEBUG_INFO = NO;
				MTL_FAST_MATH = YES;
				SDKROOT = iphoneos;
				SWIFT_COMPILATION_MODE = wholemodule;
				VALIDATE_PRODUCT = YES;
			};
			name = Release;
		};
		E743E5482B90A4C80087EF8E /* Debug */ = {
			isa = XCBuildConfiguration;
			buildSettings = {
				ASSETCATALOG_COMPILER_APPICON_NAME = AppIcon;
				ASSETCATALOG_COMPILER_GLOBAL_ACCENT_COLOR_NAME = AccentColor;
				CODE_SIGN_STYLE = Automatic;
				CURRENT_PROJECT_VERSION = 1;
				DEVELOPMENT_ASSET_PATHS = "\"AirbnbClone/Preview Content\"";
				ENABLE_PREVIEWS = YES;
				GENERATE_INFOPLIST_FILE = YES;
				INFOPLIST_KEY_UIApplicationSceneManifest_Generation = YES;
				INFOPLIST_KEY_UIApplicationSupportsIndirectInputEvents = YES;
				INFOPLIST_KEY_UILaunchScreen_Generation = YES;
				INFOPLIST_KEY_UISupportedInterfaceOrientations_iPad = "UIInterfaceOrientationPortrait UIInterfaceOrientationPortraitUpsideDown UIInterfaceOrientationLandscapeLeft UIInterfaceOrientationLandscapeRight";
				INFOPLIST_KEY_UISupportedInterfaceOrientations_iPhone = "UIInterfaceOrientationPortrait UIInterfaceOrientationLandscapeLeft UIInterfaceOrientationLandscapeRight";
				LD_RUNPATH_SEARCH_PATHS = (
					"$(inherited)",
					"@executable_path/Frameworks",
				);
				MARKETING_VERSION = 1.0;
				PRODUCT_BUNDLE_IDENTIFIER = com.ferencvisztra.AirbnbClone;
				PRODUCT_NAME = "$(TARGET_NAME)";
				SWIFT_EMIT_LOC_STRINGS = YES;
				SWIFT_VERSION = 5.0;
				TARGETED_DEVICE_FAMILY = "1,2";
			};
			name = Debug;
		};
		E743E5492B90A4C80087EF8E /* Release */ = {
			isa = XCBuildConfiguration;
			buildSettings = {
				ASSETCATALOG_COMPILER_APPICON_NAME = AppIcon;
				ASSETCATALOG_COMPILER_GLOBAL_ACCENT_COLOR_NAME = AccentColor;
				CODE_SIGN_STYLE = Automatic;
				CURRENT_PROJECT_VERSION = 1;
				DEVELOPMENT_ASSET_PATHS = "\"AirbnbClone/Preview Content\"";
				ENABLE_PREVIEWS = YES;
				GENERATE_INFOPLIST_FILE = YES;
				INFOPLIST_KEY_UIApplicationSceneManifest_Generation = YES;
				INFOPLIST_KEY_UIApplicationSupportsIndirectInputEvents = YES;
				INFOPLIST_KEY_UILaunchScreen_Generation = YES;
				INFOPLIST_KEY_UISupportedInterfaceOrientations_iPad = "UIInterfaceOrientationPortrait UIInterfaceOrientationPortraitUpsideDown UIInterfaceOrientationLandscapeLeft UIInterfaceOrientationLandscapeRight";
				INFOPLIST_KEY_UISupportedInterfaceOrientations_iPhone = "UIInterfaceOrientationPortrait UIInterfaceOrientationLandscapeLeft UIInterfaceOrientationLandscapeRight";
				LD_RUNPATH_SEARCH_PATHS = (
					"$(inherited)",
					"@executable_path/Frameworks",
				);
				MARKETING_VERSION = 1.0;
				PRODUCT_BUNDLE_IDENTIFIER = com.ferencvisztra.AirbnbClone;
				PRODUCT_NAME = "$(TARGET_NAME)";
				SWIFT_EMIT_LOC_STRINGS = YES;
				SWIFT_VERSION = 5.0;
				TARGETED_DEVICE_FAMILY = "1,2";
			};
			name = Release;
		};
/* End XCBuildConfiguration section */

/* Begin XCConfigurationList section */
		E743E5342B90A4C70087EF8E /* Build configuration list for PBXProject "AirbnbClone" */ = {
			isa = XCConfigurationList;
			buildConfigurations = (
				E743E5452B90A4C80087EF8E /* Debug */,
				E743E5462B90A4C80087EF8E /* Release */,
			);
			defaultConfigurationIsVisible = 0;
			defaultConfigurationName = Release;
		};
		E743E5472B90A4C80087EF8E /* Build configuration list for PBXNativeTarget "AirbnbClone" */ = {
			isa = XCConfigurationList;
			buildConfigurations = (
				E743E5482B90A4C80087EF8E /* Debug */,
				E743E5492B90A4C80087EF8E /* Release */,
			);
			defaultConfigurationIsVisible = 0;
			defaultConfigurationName = Release;
		};
/* End XCConfigurationList section */
	};
	rootObject = E743E5312B90A4C70087EF8E /* Project object */;
}
